
Microsoft Visual Studio Solution File, Format Version 12.00
# Visual Studio Version 17
VisualStudioVersion = 17.7.34031.279
MinimumVisualStudioVersion = 10.0.40219.1
Project("{9A19103F-16F7-4668-BE54-9A1E7A4F7556}") = "BlazorApp.Browser", "BlazorApp.Browser\BlazorApp.Browser.csproj", "{5F9900BA-6AF8-4977-8A77-60147D2CCC5C}"
EndProject
Project("{9A19103F-16F7-4668-BE54-9A1E7A4F7556}") = "BlazorApp", "BlazorApp\BlazorApp.csproj", "{687A2CE8-A5C3-4DE7-B1DB-01B6C6799616}"
EndProject
Project("{9A19103F-16F7-4668-BE54-9A1E7A4F7556}") = "BlazorApp.Simulator", "BlazorApp.Simulator\BlazorApp.Simulator.csproj", "{04ACB0CC-9CEC-4E89-B50C-D64E189809AF}"
EndProject
Project("{9A19103F-16F7-4668-BE54-9A1E7A4F7556}") = "BlazorForOpenSilver", "BlazorForOpenSilver\BlazorForOpenSilver.csproj", "{C2FE222D-8DED-425A-9146-949850EC8E1C}"
EndProject
Global
	GlobalSection(SolutionConfigurationPlatforms) = preSolution
		Debug|Any CPU = Debug|Any CPU
		Release|Any CPU = Release|Any CPU
	EndGlobalSection
	GlobalSection(ProjectConfigurationPlatforms) = postSolution
		{5F9900BA-6AF8-4977-8A77-60147D2CCC5C}.Debug|Any CPU.ActiveCfg = Debug|Any CPU
		{5F9900BA-6AF8-4977-8A77-60147D2CCC5C}.Debug|Any CPU.Build.0 = Debug|Any CPU
		{5F9900BA-6AF8-4977-8A77-60147D2CCC5C}.Release|Any CPU.ActiveCfg = Release|Any CPU
		{5F9900BA-6AF8-4977-8A77-60147D2CCC5C}.Release|Any CPU.Build.0 = Release|Any CPU
		{687A2CE8-A5C3-4DE7-B1DB-01B6C6799616}.Debug|Any CPU.ActiveCfg = Debug|Any CPU
		{687A2CE8-A5C3-4DE7-B1DB-01B6C6799616}.Debug|Any CPU.Build.0 = Debug|Any CPU
		{687A2CE8-A5C3-4DE7-B1DB-01B6C6799616}.Release|Any CPU.ActiveCfg = Release|Any CPU
		{687A2CE8-A5C3-4DE7-B1DB-01B6C6799616}.Release|Any CPU.Build.0 = Release|Any CPU
		{04ACB0CC-9CEC-4E89-B50C-D64E189809AF}.Debug|Any CPU.ActiveCfg = Debug|Any CPU
		{04ACB0CC-9CEC-4E89-B50C-D64E189809AF}.Debug|Any CPU.Build.0 = Debug|Any CPU
		{04ACB0CC-9CEC-4E89-B50C-D64E189809AF}.Release|Any CPU.ActiveCfg = Release|Any CPU
		{04ACB0CC-9CEC-4E89-B50C-D64E189809AF}.Release|Any CPU.Build.0 = Release|Any CPU
		{C2FE222D-8DED-425A-9146-949850EC8E1C}.Debug|Any CPU.ActiveCfg = Debug|Any CPU
		{C2FE222D-8DED-425A-9146-949850EC8E1C}.Debug|Any CPU.Build.0 = Debug|Any CPU
		{C2FE222D-8DED-425A-9146-949850EC8E1C}.Release|Any CPU.ActiveCfg = Release|Any CPU
		{C2FE222D-8DED-425A-9146-949850EC8E1C}.Release|Any CPU.Build.0 = Release|Any CPU
	EndGlobalSection
	GlobalSection(SolutionProperties) = preSolution
		HideSolutionNode = FALSE
	EndGlobalSection
	GlobalSection(ExtensibilityGlobals) = postSolution
		SolutionGuid = {8313B11D-E75A-4963-BE7B-BEAB998EFEED}
	EndGlobalSection
EndGlobal
